
Microsoft Visual Studio Solution File, Format Version 12.00
# Visual Studio Version 17
VisualStudioVersion = 17.11.35327.3
MinimumVisualStudioVersion = 10.0.40219.1
Project("{FAE04EC0-301F-11D3-BF4B-00C04F79EFBC}") = "SystemRezerwacjiProjekt", "SystemRezerwacjiProjekt\SystemRezerwacjiProjekt.csproj", "{81207808-586B-41DA-A376-F2D204EEA14E}"
EndProject
Global
	GlobalSection(SolutionConfigurationPlatforms) = preSolution
		Debug|Any CPU = Debug|Any CPU
		Release|Any CPU = Release|Any CPU
	EndGlobalSection
	GlobalSection(ProjectConfigurationPlatforms) = postSolution
		{81207808-586B-41DA-A376-F2D204EEA14E}.Debug|Any CPU.ActiveCfg = Debug|Any CPU
		{81207808-586B-41DA-A376-F2D204EEA14E}.Debug|Any CPU.Build.0 = Debug|Any CPU
		{81207808-586B-41DA-A376-F2D204EEA14E}.Release|Any CPU.ActiveCfg = Release|Any CPU
		{81207808-586B-41DA-A376-F2D204EEA14E}.Release|Any CPU.Build.0 = Release|Any CPU
	EndGlobalSection
	GlobalSection(SolutionProperties) = preSolution
		HideSolutionNode = FALSE
	EndGlobalSection
	GlobalSection(ExtensibilityGlobals) = postSolution
		SolutionGuid = {A8CFA5DA-62C4-4802-9CC8-65CB54233B8F}
	EndGlobalSection
EndGlobal
